
Microsoft Visual Studio Solution File, Format Version 12.00
# Visual Studio Version 17
VisualStudioVersion = 17.7.34221.43
MinimumVisualStudioVersion = 10.0.40219.1
Project("{FAE04EC0-301F-11D3-BF4B-00C04F79EFBC}") = "prak6", "prak6\prak6.csproj", "{A21C93E1-C4CE-4E8E-9D79-C6E7D1B11063}"
EndProject
Global
	GlobalSection(SolutionConfigurationPlatforms) = preSolution
		Debug|Any CPU = Debug|Any CPU
		Release|Any CPU = Release|Any CPU
	EndGlobalSection
	GlobalSection(ProjectConfigurationPlatforms) = postSolution
		{A21C93E1-C4CE-4E8E-9D79-C6E7D1B11063}.Debug|Any CPU.ActiveCfg = Debug|Any CPU
		{A21C93E1-C4CE-4E8E-9D79-C6E7D1B11063}.Debug|Any CPU.Build.0 = Debug|Any CPU
		{A21C93E1-C4CE-4E8E-9D79-C6E7D1B11063}.Release|Any CPU.ActiveCfg = Release|Any CPU
		{A21C93E1-C4CE-4E8E-9D79-C6E7D1B11063}.Release|Any CPU.Build.0 = Release|Any CPU
	EndGlobalSection
	GlobalSection(SolutionProperties) = preSolution
		HideSolutionNode = FALSE
	EndGlobalSection
	GlobalSection(ExtensibilityGlobals) = postSolution
		SolutionGuid = {C2C561F6-13FA-4E48-9D70-AAA2ACA5478D}
	EndGlobalSection
EndGlobal
